// !$*UTF8*$!
{
	archiveVersion = 1;
	classes = {
	};
	objectVersion = 45;
	objects = {

/* Begin PBXBuildFile section */
		8DD76F650486A84900D96B5E /* main.cpp in Sources */ = {isa = PBXBuildFile; fileRef = 08FB7796FE84155DC02AAC07 /* main.cpp */; settings = {ATTRIBUTES = (); }; };
		8DD76F6A0486A84900D96B5E /* sitemon.1 in CopyFiles */ = {isa = PBXBuildFile; fileRef = C6859E8B029090EE04C91782 /* sitemon.1 */; };
		D01AFA2811689032005FD626 /* config.cpp in Sources */ = {isa = PBXBuildFile; fileRef = D01AFA2711689032005FD626 /* config.cpp */; };
		D04F799D1166298E00767EDF /* http_server.cpp in Sources */ = {isa = PBXBuildFile; fileRef = D04F799C1166298E00767EDF /* http_server.cpp */; };
		D04F79C411662C7000767EDF /* socket.cpp in Sources */ = {isa = PBXBuildFile; fileRef = D04F79C211662C7000767EDF /* socket.cpp */; };
		D04F79DB11662E8B00767EDF /* http_server_request_thread.cpp in Sources */ = {isa = PBXBuildFile; fileRef = D04F79DA11662E8B00767EDF /* http_server_request_thread.cpp */; };
		D04F7A01116637AC00767EDF /* http_server_responses.cpp in Sources */ = {isa = PBXBuildFile; fileRef = D04F7A00116637AC00767EDF /* http_server_responses.cpp */; };
		D07159141139420800BA05C9 /* http_request.cpp in Sources */ = {isa = PBXBuildFile; fileRef = D07159131139420800BA05C9 /* http_request.cpp */; };
		D08E828A1163F236009B2CC1 /* hit_load_request_thread.cpp in Sources */ = {isa = PBXBuildFile; fileRef = D08E82841163F236009B2CC1 /* hit_load_request_thread.cpp */; };
		D08E828C1163F236009B2CC1 /* sitemon.cpp in Sources */ = {isa = PBXBuildFile; fileRef = D08E82881163F236009B2CC1 /* sitemon.cpp */; };
		D08E829E1163F269009B2CC1 /* mutex.cpp in Sources */ = {isa = PBXBuildFile; fileRef = D08E829A1163F269009B2CC1 /* mutex.cpp */; };
		D08E829F1163F269009B2CC1 /* thread.cpp in Sources */ = {isa = PBXBuildFile; fileRef = D08E829C1163F269009B2CC1 /* thread.cpp */; };
		D09DCC6011396F0500B4CA9F /* http_response.cpp in Sources */ = {isa = PBXBuildFile; fileRef = D09DCC5F11396F0500B4CA9F /* http_response.cpp */; };
		D09DCC701139730C00B4CA9F /* http_engine.cpp in Sources */ = {isa = PBXBuildFile; fileRef = D09DCC6F1139730C00B4CA9F /* http_engine.cpp */; };
		D0A36B05113ABB610069D596 /* tinyxml.cpp in Sources */ = {isa = PBXBuildFile; fileRef = D0A36B00113ABB610069D596 /* tinyxml.cpp */; };
		D0A36B06113ABB610069D596 /* tinyxmlerror.cpp in Sources */ = {isa = PBXBuildFile; fileRef = D0A36B02113ABB610069D596 /* tinyxmlerror.cpp */; };
		D0A36B07113ABB610069D596 /* tinyxmlparser.cpp in Sources */ = {isa = PBXBuildFile; fileRef = D0A36B03113ABB610069D596 /* tinyxmlparser.cpp */; };
		D0A36B2C113ABC0A0069D596 /* script.cpp in Sources */ = {isa = PBXBuildFile; fileRef = D0A36B2B113ABC0A0069D596 /* script.cpp */; };
		D0C46E03116E5CCD00C86DD4 /* http_form_generator.cpp in Sources */ = {isa = PBXBuildFile; fileRef = D0C46E01116E5CCD00C86DD4 /* http_form_generator.cpp */; };
		D0CA7D20116A1C7F007039D5 /* http_server_html_formatters.cpp in Sources */ = {isa = PBXBuildFile; fileRef = D0CA7D1F116A1C7F007039D5 /* http_server_html_formatters.cpp */; };
		D0D19507116655180040E1B7 /* http_server_request.cpp in Sources */ = {isa = PBXBuildFile; fileRef = D0D19506116655180040E1B7 /* http_server_request.cpp */; };
		D0E649B011660B680024C4AC /* results_storage.cpp in Sources */ = {isa = PBXBuildFile; fileRef = D0E649AF11660B680024C4AC /* results_storage.cpp */; };
		D0EC0781116BAEF700B2D72F /* scheduler.cpp in Sources */ = {isa = PBXBuildFile; fileRef = D0EC0780116BAEF700B2D72F /* scheduler.cpp */; };
		D0EC0804116BCF4900B2D72F /* scheduler_db_helpers.cpp in Sources */ = {isa = PBXBuildFile; fileRef = D0EC0803116BCF4900B2D72F /* scheduler_db_helpers.cpp */; };
		D0F36BEF116CFB3100A46DBA /* scheduler_test_thread.cpp in Sources */ = {isa = PBXBuildFile; fileRef = D0F36BED116CFB3100A46DBA /* scheduler_test_thread.cpp */; };
		D0F36C35116D058100A46DBA /* scheduled_results_saver.cpp in Sources */ = {isa = PBXBuildFile; fileRef = D0F36C34116D058100A46DBA /* scheduled_results_saver.cpp */; };
		D0F382C71169001D007765A1 /* sqlite_db.cpp in Sources */ = {isa = PBXBuildFile; fileRef = D0F382C01169001D007765A1 /* sqlite_db.cpp */; };
		D0F382C81169001D007765A1 /* sqlite_query.cpp in Sources */ = {isa = PBXBuildFile; fileRef = D0F382C21169001D007765A1 /* sqlite_query.cpp */; };
		D0F382C91169001D007765A1 /* sqlite3.c in Sources */ = {isa = PBXBuildFile; fileRef = D0F382C41169001D007765A1 /* sqlite3.c */; };
		D0F38333116907C8007765A1 /* http_server_db_helpers.cpp in Sources */ = {isa = PBXBuildFile; fileRef = D0F38332116907C8007765A1 /* http_server_db_helpers.cpp */; };
/* End PBXBuildFile section */

/* Begin PBXCopyFilesBuildPhase section */
		8DD76F690486A84900D96B5E /* CopyFiles */ = {
			isa = PBXCopyFilesBuildPhase;
			buildActionMask = 8;
			dstPath = /usr/share/man/man1/;
			dstSubfolderSpec = 0;
			files = (
				8DD76F6A0486A84900D96B5E /* sitemon.1 in CopyFiles */,
			);
			runOnlyForDeploymentPostprocessing = 1;
		};
/* End PBXCopyFilesBuildPhase section */

/* Begin PBXFileReference section */
		08FB7796FE84155DC02AAC07 /* main.cpp */ = {isa = PBXFileReference; fileEncoding = 4; lastKnownFileType = sourcecode.cpp.cpp; path = main.cpp; sourceTree = "<group>"; };
		8DD76F6C0486A84900D96B5E /* sitemon */ = {isa = PBXFileReference; explicitFileType = "compiled.mach-o.executable"; includeInIndex = 0; path = sitemon; sourceTree = BUILT_PRODUCTS_DIR; };
		C6859E8B029090EE04C91782 /* sitemon.1 */ = {isa = PBXFileReference; lastKnownFileType = text.man; path = sitemon.1; sourceTree = "<group>"; };
		D01AFA2611689032005FD626 /* config.h */ = {isa = PBXFileReference; fileEncoding = 4; lastKnownFileType = sourcecode.c.h; path = config.h; sourceTree = "<group>"; };
		D01AFA2711689032005FD626 /* config.cpp */ = {isa = PBXFileReference; fileEncoding = 4; lastKnownFileType = sourcecode.cpp.cpp; path = config.cpp; sourceTree = "<group>"; };
		D04F799B1166298E00767EDF /* http_server.h */ = {isa = PBXFileReference; fileEncoding = 4; lastKnownFileType = sourcecode.c.h; path = http_server.h; sourceTree = "<group>"; };
		D04F799C1166298E00767EDF /* http_server.cpp */ = {isa = PBXFileReference; fileEncoding = 4; lastKnownFileType = sourcecode.cpp.cpp; path = http_server.cpp; sourceTree = "<group>"; };
		D04F79C211662C7000767EDF /* socket.cpp */ = {isa = PBXFileReference; fileEncoding = 4; lastKnownFileType = sourcecode.cpp.cpp; path = socket.cpp; sourceTree = "<group>"; };
		D04F79C311662C7000767EDF /* socket.h */ = {isa = PBXFileReference; fileEncoding = 4; lastKnownFileType = sourcecode.c.h; path = socket.h; sourceTree = "<group>"; };
		D04F79D911662E8B00767EDF /* http_server_request_thread.h */ = {isa = PBXFileReference; fileEncoding = 4; lastKnownFileType = sourcecode.c.h; path = http_server_request_thread.h; sourceTree = "<group>"; };
		D04F79DA11662E8B00767EDF /* http_server_request_thread.cpp */ = {isa = PBXFileReference; fileEncoding = 4; lastKnownFileType = sourcecode.cpp.cpp; path = http_server_request_thread.cpp; sourceTree = "<group>"; };
		D04F79FF116637AC00767EDF /* http_server_responses.h */ = {isa = PBXFileReference; fileEncoding = 4; lastKnownFileType = sourcecode.c.h; path = http_server_responses.h; sourceTree = "<group>"; };
		D04F7A00116637AC00767EDF /* http_server_responses.cpp */ = {isa = PBXFileReference; fileEncoding = 4; lastKnownFileType = sourcecode.cpp.cpp; path = http_server_responses.cpp; sourceTree = "<group>"; };
		D07159121139420800BA05C9 /* http_request.h */ = {isa = PBXFileReference; fileEncoding = 4; lastKnownFileType = sourcecode.c.h; path = http_request.h; sourceTree = "<group>"; };
		D07159131139420800BA05C9 /* http_request.cpp */ = {isa = PBXFileReference; fileEncoding = 4; lastKnownFileType = sourcecode.cpp.cpp; path = http_request.cpp; sourceTree = "<group>"; };
		D08E82841163F236009B2CC1 /* hit_load_request_thread.cpp */ = {isa = PBXFileReference; fileEncoding = 4; lastKnownFileType = sourcecode.cpp.cpp; path = hit_load_request_thread.cpp; sourceTree = "<group>"; };
		D08E82851163F236009B2CC1 /* hit_load_request_thread.h */ = {isa = PBXFileReference; fileEncoding = 4; lastKnownFileType = sourcecode.c.h; path = hit_load_request_thread.h; sourceTree = "<group>"; };
		D08E82881163F236009B2CC1 /* sitemon.cpp */ = {isa = PBXFileReference; fileEncoding = 4; lastKnownFileType = sourcecode.cpp.cpp; path = sitemon.cpp; sourceTree = "<group>"; };
		D08E82891163F236009B2CC1 /* sitemon.h */ = {isa = PBXFileReference; fileEncoding = 4; lastKnownFileType = sourcecode.c.h; path = sitemon.h; sourceTree = "<group>"; };
		D08E829A1163F269009B2CC1 /* mutex.cpp */ = {isa = PBXFileReference; fileEncoding = 4; lastKnownFileType = sourcecode.cpp.cpp; path = mutex.cpp; sourceTree = "<group>"; };
		D08E829B1163F269009B2CC1 /* mutex.h */ = {isa = PBXFileReference; fileEncoding = 4; lastKnownFileType = sourcecode.c.h; path = mutex.h; sourceTree = "<group>"; };
		D08E829C1163F269009B2CC1 /* thread.cpp */ = {isa = PBXFileReference; fileEncoding = 4; lastKnownFileType = sourcecode.cpp.cpp; path = thread.cpp; sourceTree = "<group>"; };
		D08E829D1163F269009B2CC1 /* thread.h */ = {isa = PBXFileReference; fileEncoding = 4; lastKnownFileType = sourcecode.c.h; path = thread.h; sourceTree = "<group>"; };
		D09DCC5E11396F0500B4CA9F /* http_response.h */ = {isa = PBXFileReference; fileEncoding = 4; lastKnownFileType = sourcecode.c.h; path = http_response.h; sourceTree = "<group>"; };
		D09DCC5F11396F0500B4CA9F /* http_response.cpp */ = {isa = PBXFileReference; fileEncoding = 4; lastKnownFileType = sourcecode.cpp.cpp; path = http_response.cpp; sourceTree = "<group>"; };
		D09DCC6E1139730C00B4CA9F /* http_engine.h */ = {isa = PBXFileReference; fileEncoding = 4; lastKnownFileType = sourcecode.c.h; path = http_engine.h; sourceTree = "<group>"; };
		D09DCC6F1139730C00B4CA9F /* http_engine.cpp */ = {isa = PBXFileReference; fileEncoding = 4; lastKnownFileType = sourcecode.cpp.cpp; path = http_engine.cpp; sourceTree = "<group>"; };
		D0A36B00113ABB610069D596 /* tinyxml.cpp */ = {isa = PBXFileReference; fileEncoding = 4; lastKnownFileType = sourcecode.cpp.cpp; path = tinyxml.cpp; sourceTree = "<group>"; };
		D0A36B01113ABB610069D596 /* tinyxml.h */ = {isa = PBXFileReference; fileEncoding = 4; lastKnownFileType = sourcecode.c.h; path = tinyxml.h; sourceTree = "<group>"; };
		D0A36B02113ABB610069D596 /* tinyxmlerror.cpp */ = {isa = PBXFileReference; fileEncoding = 4; lastKnownFileType = sourcecode.cpp.cpp; path = tinyxmlerror.cpp; sourceTree = "<group>"; };
		D0A36B03113ABB610069D596 /* tinyxmlparser.cpp */ = {isa = PBXFileReference; fileEncoding = 4; lastKnownFileType = sourcecode.cpp.cpp; path = tinyxmlparser.cpp; sourceTree = "<group>"; };
		D0A36B2A113ABC0A0069D596 /* script.h */ = {isa = PBXFileReference; fileEncoding = 4; lastKnownFileType = sourcecode.c.h; path = script.h; sourceTree = "<group>"; };
		D0A36B2B113ABC0A0069D596 /* script.cpp */ = {isa = PBXFileReference; fileEncoding = 4; lastKnownFileType = sourcecode.cpp.cpp; path = script.cpp; sourceTree = "<group>"; };
		D0C46E01116E5CCD00C86DD4 /* http_form_generator.cpp */ = {isa = PBXFileReference; fileEncoding = 4; lastKnownFileType = sourcecode.cpp.cpp; path = http_form_generator.cpp; sourceTree = "<group>"; };
		D0C46E02116E5CCD00C86DD4 /* http_form_generator.h */ = {isa = PBXFileReference; fileEncoding = 4; lastKnownFileType = sourcecode.c.h; path = http_form_generator.h; sourceTree = "<group>"; };
		D0CA7D1E116A1C7F007039D5 /* http_server_html_formatters.h */ = {isa = PBXFileReference; fileEncoding = 4; lastKnownFileType = sourcecode.c.h; path = http_server_html_formatters.h; sourceTree = "<group>"; };
		D0CA7D1F116A1C7F007039D5 /* http_server_html_formatters.cpp */ = {isa = PBXFileReference; fileEncoding = 4; lastKnownFileType = sourcecode.cpp.cpp; path = http_server_html_formatters.cpp; sourceTree = "<group>"; };
		D0D19505116655180040E1B7 /* http_server_request.h */ = {isa = PBXFileReference; fileEncoding = 4; lastKnownFileType = sourcecode.c.h; path = http_server_request.h; sourceTree = "<group>"; };
		D0D19506116655180040E1B7 /* http_server_request.cpp */ = {isa = PBXFileReference; fileEncoding = 4; lastKnownFileType = sourcecode.cpp.cpp; path = http_server_request.cpp; sourceTree = "<group>"; };
		D0E649AE11660B680024C4AC /* results_storage.h */ = {isa = PBXFileReference; fileEncoding = 4; lastKnownFileType = sourcecode.c.h; path = results_storage.h; sourceTree = "<group>"; };
		D0E649AF11660B680024C4AC /* results_storage.cpp */ = {isa = PBXFileReference; fileEncoding = 4; lastKnownFileType = sourcecode.cpp.cpp; path = results_storage.cpp; sourceTree = "<group>"; };
		D0EC077F116BAEF700B2D72F /* scheduler.h */ = {isa = PBXFileReference; fileEncoding = 4; lastKnownFileType = sourcecode.c.h; path = scheduler.h; sourceTree = "<group>"; };
		D0EC0780116BAEF700B2D72F /* scheduler.cpp */ = {isa = PBXFileReference; fileEncoding = 4; lastKnownFileType = sourcecode.cpp.cpp; path = scheduler.cpp; sourceTree = "<group>"; };
		D0EC0802116BCF4900B2D72F /* scheduler_db_helpers.h */ = {isa = PBXFileReference; fileEncoding = 4; lastKnownFileType = sourcecode.c.h; path = scheduler_db_helpers.h; sourceTree = "<group>"; };
		D0EC0803116BCF4900B2D72F /* scheduler_db_helpers.cpp */ = {isa = PBXFileReference; fileEncoding = 4; lastKnownFileType = sourcecode.cpp.cpp; path = scheduler_db_helpers.cpp; sourceTree = "<group>"; };
		D0F36BED116CFB3100A46DBA /* scheduler_test_thread.cpp */ = {isa = PBXFileReference; fileEncoding = 4; lastKnownFileType = sourcecode.cpp.cpp; path = scheduler_test_thread.cpp; sourceTree = "<group>"; };
		D0F36BEE116CFB3100A46DBA /* scheduler_test_thread.h */ = {isa = PBXFileReference; fileEncoding = 4; lastKnownFileType = sourcecode.c.h; path = scheduler_test_thread.h; sourceTree = "<group>"; };
		D0F36C33116D058100A46DBA /* scheduled_results_saver.h */ = {isa = PBXFileReference; fileEncoding = 4; lastKnownFileType = sourcecode.c.h; path = scheduled_results_saver.h; sourceTree = "<group>"; };
		D0F36C34116D058100A46DBA /* scheduled_results_saver.cpp */ = {isa = PBXFileReference; fileEncoding = 4; lastKnownFileType = sourcecode.cpp.cpp; path = scheduled_results_saver.cpp; sourceTree = "<group>"; };
		D0F382C01169001D007765A1 /* sqlite_db.cpp */ = {isa = PBXFileReference; fileEncoding = 4; lastKnownFileType = sourcecode.cpp.cpp; path = sqlite_db.cpp; sourceTree = "<group>"; };
		D0F382C11169001D007765A1 /* sqlite_db.h */ = {isa = PBXFileReference; fileEncoding = 4; lastKnownFileType = sourcecode.c.h; path = sqlite_db.h; sourceTree = "<group>"; };
		D0F382C21169001D007765A1 /* sqlite_query.cpp */ = {isa = PBXFileReference; fileEncoding = 4; lastKnownFileType = sourcecode.cpp.cpp; path = sqlite_query.cpp; sourceTree = "<group>"; };
		D0F382C31169001D007765A1 /* sqlite_query.h */ = {isa = PBXFileReference; fileEncoding = 4; lastKnownFileType = sourcecode.c.h; path = sqlite_query.h; sourceTree = "<group>"; };
		D0F382C41169001D007765A1 /* sqlite3.c */ = {isa = PBXFileReference; fileEncoding = 4; lastKnownFileType = sourcecode.c.c; path = sqlite3.c; sourceTree = "<group>"; };
		D0F382C51169001D007765A1 /* sqlite3.h */ = {isa = PBXFileReference; fileEncoding = 4; lastKnownFileType = sourcecode.c.h; path = sqlite3.h; sourceTree = "<group>"; };
		D0F38331116907C8007765A1 /* http_server_db_helpers.h */ = {isa = PBXFileReference; fileEncoding = 4; lastKnownFileType = sourcecode.c.h; path = http_server_db_helpers.h; sourceTree = "<group>"; };
		D0F38332116907C8007765A1 /* http_server_db_helpers.cpp */ = {isa = PBXFileReference; fileEncoding = 4; lastKnownFileType = sourcecode.cpp.cpp; path = http_server_db_helpers.cpp; sourceTree = "<group>"; };
/* End PBXFileReference section */

/* Begin PBXFrameworksBuildPhase section */
		8DD76F660486A84900D96B5E /* Frameworks */ = {
			isa = PBXFrameworksBuildPhase;
			buildActionMask = 2147483647;
			files = (
			);
			runOnlyForDeploymentPostprocessing = 0;
		};
/* End PBXFrameworksBuildPhase section */

/* Begin PBXGroup section */
		08FB7794FE84155DC02AAC07 /* sitemon */ = {
			isa = PBXGroup;
			children = (
				D0C46E01116E5CCD00C86DD4 /* http_form_generator.cpp */,
				D0C46E02116E5CCD00C86DD4 /* http_form_generator.h */,
				D0F36BED116CFB3100A46DBA /* scheduler_test_thread.cpp */,
				D0F36BEE116CFB3100A46DBA /* scheduler_test_thread.h */,
				D0F38331116907C8007765A1 /* http_server_db_helpers.h */,
				D0F38332116907C8007765A1 /* http_server_db_helpers.cpp */,
				D01AFA2611689032005FD626 /* config.h */,
				D01AFA2711689032005FD626 /* config.cpp */,
				D04F79D911662E8B00767EDF /* http_server_request_thread.h */,
				D04F79FF116637AC00767EDF /* http_server_responses.h */,
				D04F7A00116637AC00767EDF /* http_server_responses.cpp */,
				D04F79DA11662E8B00767EDF /* http_server_request_thread.cpp */,
				D04F799B1166298E00767EDF /* http_server.h */,
				D04F799C1166298E00767EDF /* http_server.cpp */,
				D0A36B2A113ABC0A0069D596 /* script.h */,
				D0A36B2B113ABC0A0069D596 /* script.cpp */,
				D08E82841163F236009B2CC1 /* hit_load_request_thread.cpp */,
				D08E82851163F236009B2CC1 /* hit_load_request_thread.h */,
				D08E82881163F236009B2CC1 /* sitemon.cpp */,
				D08E82891163F236009B2CC1 /* sitemon.h */,
				D0E649AE11660B680024C4AC /* results_storage.h */,
				D0E649AF11660B680024C4AC /* results_storage.cpp */,
				D09DCC5E11396F0500B4CA9F /* http_response.h */,
				D09DCC5F11396F0500B4CA9F /* http_response.cpp */,
				08FB7795FE84155DC02AAC07 /* Source */,
				C6859E8C029090F304C91782 /* Documentation */,
				1AB674ADFE9D54B511CA2CBB /* Products */,
				D07159121139420800BA05C9 /* http_request.h */,
				D07159131139420800BA05C9 /* http_request.cpp */,
				D09DCC6E1139730C00B4CA9F /* http_engine.h */,
				D0A36AFD113ABB610069D596 /* utils */,
				D09DCC6F1139730C00B4CA9F /* http_engine.cpp */,
				D0D19505116655180040E1B7 /* http_server_request.h */,
				D0D19506116655180040E1B7 /* http_server_request.cpp */,
				D0CA7D1E116A1C7F007039D5 /* http_server_html_formatters.h */,
				D0CA7D1F116A1C7F007039D5 /* http_server_html_formatters.cpp */,
				D0EC077F116BAEF700B2D72F /* scheduler.h */,
				D0EC0780116BAEF700B2D72F /* scheduler.cpp */,
				D0EC0802116BCF4900B2D72F /* scheduler_db_helpers.h */,
				D0EC0803116BCF4900B2D72F /* scheduler_db_helpers.cpp */,
				D0F36C33116D058100A46DBA /* scheduled_results_saver.h */,
				D0F36C34116D058100A46DBA /* scheduled_results_saver.cpp */,
			);
			name = sitemon;
			sourceTree = "<group>";
		};
		08FB7795FE84155DC02AAC07 /* Source */ = {
			isa = PBXGroup;
			children = (
				08FB7796FE84155DC02AAC07 /* main.cpp */,
			);
			name = Source;
			sourceTree = "<group>";
		};
		1AB674ADFE9D54B511CA2CBB /* Products */ = {
			isa = PBXGroup;
			children = (
				8DD76F6C0486A84900D96B5E /* sitemon */,
			);
			name = Products;
			sourceTree = "<group>";
		};
		C6859E8C029090F304C91782 /* Documentation */ = {
			isa = PBXGroup;
			children = (
				C6859E8B029090EE04C91782 /* sitemon.1 */,
			);
			name = Documentation;
			sourceTree = "<group>";
		};
		D0A36AFD113ABB610069D596 /* utils */ = {
			isa = PBXGroup;
			children = (
				D0F382C01169001D007765A1 /* sqlite_db.cpp */,
				D0F382C11169001D007765A1 /* sqlite_db.h */,
				D0F382C21169001D007765A1 /* sqlite_query.cpp */,
				D0F382C31169001D007765A1 /* sqlite_query.h */,
				D0F382C41169001D007765A1 /* sqlite3.c */,
				D0F382C51169001D007765A1 /* sqlite3.h */,
				D04F79C211662C7000767EDF /* socket.cpp */,
				D04F79C311662C7000767EDF /* socket.h */,
				D08E829A1163F269009B2CC1 /* mutex.cpp */,
				D08E829B1163F269009B2CC1 /* mutex.h */,
				D08E829C1163F269009B2CC1 /* thread.cpp */,
				D08E829D1163F269009B2CC1 /* thread.h */,
				D0A36B00113ABB610069D596 /* tinyxml.cpp */,
				D0A36B01113ABB610069D596 /* tinyxml.h */,
				D0A36B02113ABB610069D596 /* tinyxmlerror.cpp */,
				D0A36B03113ABB610069D596 /* tinyxmlparser.cpp */,
			);
			path = utils;
			sourceTree = "<group>";
		};
/* End PBXGroup section */

/* Begin PBXNativeTarget section */
		8DD76F620486A84900D96B5E /* sitemon */ = {
			isa = PBXNativeTarget;
			buildConfigurationList = 1DEB923108733DC60010E9CD /* Build configuration list for PBXNativeTarget "sitemon" */;
			buildPhases = (
				8DD76F640486A84900D96B5E /* Sources */,
				8DD76F660486A84900D96B5E /* Frameworks */,
				8DD76F690486A84900D96B5E /* CopyFiles */,
			);
			buildRules = (
			);
			dependencies = (
			);
			name = sitemon;
			productInstallPath = "$(HOME)/bin";
			productName = sitemon;
			productReference = 8DD76F6C0486A84900D96B5E /* sitemon */;
			productType = "com.apple.product-type.tool";
		};
/* End PBXNativeTarget section */

/* Begin PBXProject section */
		08FB7793FE84155DC02AAC07 /* Project object */ = {
			isa = PBXProject;
			buildConfigurationList = 1DEB923508733DC60010E9CD /* Build configuration list for PBXProject "sitemon" */;
			compatibilityVersion = "Xcode 3.1";
			hasScannedForEncodings = 1;
			mainGroup = 08FB7794FE84155DC02AAC07 /* sitemon */;
			projectDirPath = "";
			projectRoot = "";
			targets = (
				8DD76F620486A84900D96B5E /* sitemon */,
			);
		};
/* End PBXProject section */

/* Begin PBXSourcesBuildPhase section */
		8DD76F640486A84900D96B5E /* Sources */ = {
			isa = PBXSourcesBuildPhase;
			buildActionMask = 2147483647;
			files = (
				8DD76F650486A84900D96B5E /* main.cpp in Sources */,
				D07159141139420800BA05C9 /* http_request.cpp in Sources */,
				D09DCC6011396F0500B4CA9F /* http_response.cpp in Sources */,
				D09DCC701139730C00B4CA9F /* http_engine.cpp in Sources */,
				D0A36B05113ABB610069D596 /* tinyxml.cpp in Sources */,
				D0A36B06113ABB610069D596 /* tinyxmlerror.cpp in Sources */,
				D0A36B07113ABB610069D596 /* tinyxmlparser.cpp in Sources */,
				D0A36B2C113ABC0A0069D596 /* script.cpp in Sources */,
				D08E828A1163F236009B2CC1 /* hit_load_request_thread.cpp in Sources */,
				D08E828C1163F236009B2CC1 /* sitemon.cpp in Sources */,
				D08E829E1163F269009B2CC1 /* mutex.cpp in Sources */,
				D08E829F1163F269009B2CC1 /* thread.cpp in Sources */,
				D0E649B011660B680024C4AC /* results_storage.cpp in Sources */,
				D04F799D1166298E00767EDF /* http_server.cpp in Sources */,
				D04F79C411662C7000767EDF /* socket.cpp in Sources */,
				D04F79DB11662E8B00767EDF /* http_server_request_thread.cpp in Sources */,
				D04F7A01116637AC00767EDF /* http_server_responses.cpp in Sources */,
				D0D19507116655180040E1B7 /* http_server_request.cpp in Sources */,
				D01AFA2811689032005FD626 /* config.cpp in Sources */,
				D0F382C71169001D007765A1 /* sqlite_db.cpp in Sources */,
				D0F382C81169001D007765A1 /* sqlite_query.cpp in Sources */,
				D0F382C91169001D007765A1 /* sqlite3.c in Sources */,
				D0F38333116907C8007765A1 /* http_server_db_helpers.cpp in Sources */,
				D0CA7D20116A1C7F007039D5 /* http_server_html_formatters.cpp in Sources */,
				D0EC0781116BAEF700B2D72F /* scheduler.cpp in Sources */,
				D0EC0804116BCF4900B2D72F /* scheduler_db_helpers.cpp in Sources */,
				D0F36BEF116CFB3100A46DBA /* scheduler_test_thread.cpp in Sources */,
				D0F36C35116D058100A46DBA /* scheduled_results_saver.cpp in Sources */,
				D0C46E03116E5CCD00C86DD4 /* http_form_generator.cpp in Sources */,
			);
			runOnlyForDeploymentPostprocessing = 0;
		};
/* End PBXSourcesBuildPhase section */

/* Begin XCBuildConfiguration section */
		1DEB923208733DC60010E9CD /* Debug */ = {
			isa = XCBuildConfiguration;
			buildSettings = {
				ALWAYS_SEARCH_USER_PATHS = NO;
				COPY_PHASE_STRIP = NO;
				GCC_DYNAMIC_NO_PIC = NO;
				GCC_ENABLE_FIX_AND_CONTINUE = YES;
				GCC_MODEL_TUNING = G5;
				GCC_OPTIMIZATION_LEVEL = 0;
				GCC_PREPROCESSOR_DEFINITIONS = (
					"_GLIBCXX_DEBUG=1",
					"_GLIBCXX_DEBUG_PEDANTIC=1",
				);
				INSTALL_PATH = /usr/local/bin;
				PRODUCT_NAME = sitemon;
			};
			name = Debug;
		};
		1DEB923308733DC60010E9CD /* Release */ = {
			isa = XCBuildConfiguration;
			buildSettings = {
				ALWAYS_SEARCH_USER_PATHS = NO;
				DEBUG_INFORMATION_FORMAT = "dwarf-with-dsym";
				GCC_MODEL_TUNING = G5;
				INSTALL_PATH = /usr/local/bin;
				PRODUCT_NAME = sitemon;
			};
			name = Release;
		};
		1DEB923608733DC60010E9CD /* Debug */ = {
			isa = XCBuildConfiguration;
			buildSettings = {
				ARCHS = "$(ARCHS_STANDARD_32_64_BIT)";
				GCC_C_LANGUAGE_STANDARD = gnu99;
				GCC_OPTIMIZATION_LEVEL = 0;
				GCC_VERSION = "";
				GCC_WARN_ABOUT_RETURN_TYPE = YES;
				GCC_WARN_UNUSED_VARIABLE = YES;
				ONLY_ACTIVE_ARCH = YES;
				OTHER_LDFLAGS = (
					"-lz",
					"-lssl",
					"-lcurl",
					"-lxml2",
					"-pthread",
				);
				PREBINDING = NO;
				SDKROOT = macosx10.6;
			};
			name = Debug;
		};
		1DEB923708733DC60010E9CD /* Release */ = {
			isa = XCBuildConfiguration;
			buildSettings = {
				ARCHS = "$(ARCHS_STANDARD_32_64_BIT)";
				GCC_C_LANGUAGE_STANDARD = gnu99;
				GCC_WARN_ABOUT_RETURN_TYPE = YES;
				GCC_WARN_UNUSED_VARIABLE = YES;
				OTHER_LDFLAGS = (
					"-lz",
					"-lssl",
					"-lcurl",
					"-lxml2",
					"-pthread",
				);
				PREBINDING = NO;
				SDKROOT = macosx10.6;
			};
			name = Release;
		};
/* End XCBuildConfiguration section */

/* Begin XCConfigurationList section */
		1DEB923108733DC60010E9CD /* Build configuration list for PBXNativeTarget "sitemon" */ = {
			isa = XCConfigurationList;
			buildConfigurations = (
				1DEB923208733DC60010E9CD /* Debug */,
				1DEB923308733DC60010E9CD /* Release */,
			);
			defaultConfigurationIsVisible = 0;
			defaultConfigurationName = Release;
		};
		1DEB923508733DC60010E9CD /* Build configuration list for PBXProject "sitemon" */ = {
			isa = XCConfigurationList;
			buildConfigurations = (
				1DEB923608733DC60010E9CD /* Debug */,
				1DEB923708733DC60010E9CD /* Release */,
			);
			defaultConfigurationIsVisible = 0;
			defaultConfigurationName = Release;
		};
/* End XCConfigurationList section */
	};
	rootObject = 08FB7793FE84155DC02AAC07 /* Project object */;
}
